{
  "version": 4,
  "terraform_version": "1.0.11",
  "serial": 246,
  "lineage": "d3bafa32-692b-d8d9-ae2e-c51b989838ae",
  "outputs": {
    "kms_key": {
      "value": {
        "arn": "arn:aws:kms:us-west-2:440079093312:key/9f30f06c-6a60-470d-ac68-062572e5b7d9",
        "bypass_policy_lockout_safety_check": false,
        "customer_master_key_spec": "SYMMETRIC_DEFAULT",
        "deletion_window_in_days": 10,
        "description": "This key is used to encrypt bucket objects",
        "enable_key_rotation": false,
        "id": "9f30f06c-6a60-470d-ac68-062572e5b7d9",
        "is_enabled": true,
        "key_id": "9f30f06c-6a60-470d-ac68-062572e5b7d9",
        "key_usage": "ENCRYPT_DECRYPT",
        "multi_region": false,
        "policy": "{\"Id\":\"key-default-1\",\"Statement\":[{\"Action\":\"kms:*\",\"Effect\":\"Allow\",\"Principal\":{\"AWS\":\"arn:aws:iam::440079093312:root\"},\"Resource\":\"*\",\"Sid\":\"Enable IAM User Permissions\"}],\"Version\":\"2012-10-17\"}",
        "tags": null,
        "tags_all": {}
      },
      "type": [
        "object",
        {
          "arn": "string",
          "bypass_policy_lockout_safety_check": "bool",
          "customer_master_key_spec": "string",
          "deletion_window_in_days": "number",
          "description": "string",
          "enable_key_rotation": "bool",
          "id": "string",
          "is_enabled": "bool",
          "key_id": "string",
          "key_usage": "string",
          "multi_region": "bool",
          "policy": "string",
          "tags": [
            "map",
            "string"
          ],
          "tags_all": [
            "map",
            "string"
          ]
        }
      ]
    }
  },
  "resources": [
    {
      "module": "module.create_bucket",
      "mode": "data",
      "type": "aws_iam_policy_document",
      "name": "allow_access_from_iam_lambda_encryption",
      "provider": "provider[\"registry.terraform.io/hashicorp/aws\"]",
      "instances": [
        {
          "index_key": "2",
          "schema_version": 0,
          "attributes": {
            "id": "3072358512",
            "json": "{\n  \"Version\": \"2012-10-17\",\n  \"Statement\": [\n    {\n      \"Sid\": \"\",\n      \"Effect\": \"Allow\",\n      \"Action\": [\n        \"s3:PutObjectAcl\",\n        \"s3:PutObject\",\n        \"s3:ListBucket\",\n        \"s3:GetObject\"\n      ],\n      \"Resource\": [\n        \"arn:aws:s3:::bucket3testgogogo123/*\",\n        \"arn:aws:s3:::bucket3testgogogo123\"\n      ],\n      \"Principal\": {\n        \"AWS\": \"arn:aws:iam::440079093312:role/iam_for_lambda\"\n      }\n    }\n  ]\n}",
            "override_json": null,
            "override_policy_documents": null,
            "policy_id": null,
            "source_json": null,
            "source_policy_documents": null,
            "statement": [
              {
                "actions": [
                  "s3:GetObject",
                  "s3:ListBucket",
                  "s3:PutObject",
                  "s3:PutObjectAcl"
                ],
                "condition": [],
                "effect": "Allow",
                "not_actions": [],
                "not_principals": [],
                "not_resources": [],
                "principals": [
                  {
                    "identifiers": [
                      "arn:aws:iam::440079093312:role/iam_for_lambda"
                    ],
                    "type": "AWS"
                  }
                ],
                "resources": [
                  "arn:aws:s3:::bucket3testgogogo123",
                  "arn:aws:s3:::bucket3testgogogo123/*"
                ],
                "sid": ""
              }
            ],
            "version": "2012-10-17"
          },
          "sensitive_attributes": []
        }
      ]
    },
    {
      "module": "module.create_bucket",
      "mode": "data",
      "type": "aws_iam_policy_document",
      "name": "allow_access_from_iam_lambda_no_encryption",
      "provider": "provider[\"registry.terraform.io/hashicorp/aws\"]",
      "instances": [
        {
          "index_key": "0",
          "schema_version": 0,
          "attributes": {
            "id": "3959496682",
            "json": "{\n  \"Version\": \"2012-10-17\",\n  \"Statement\": [\n    {\n      \"Sid\": \"\",\n      \"Effect\": \"Allow\",\n      \"Action\": [\n        \"s3:PutObjectAcl\",\n        \"s3:PutObject\",\n        \"s3:ListBucket\",\n        \"s3:GetObject\"\n      ],\n      \"Resource\": [\n        \"arn:aws:s3:::bucket1testgogogo123/*\",\n        \"arn:aws:s3:::bucket1testgogogo123\"\n      ],\n      \"Principal\": {\n        \"AWS\": \"arn:aws:iam::440079093312:role/iam_for_lambda\"\n      }\n    }\n  ]\n}",
            "override_json": null,
            "override_policy_documents": null,
            "policy_id": null,
            "source_json": null,
            "source_policy_documents": null,
            "statement": [
              {
                "actions": [
                  "s3:GetObject",
                  "s3:ListBucket",
                  "s3:PutObject",
                  "s3:PutObjectAcl"
                ],
                "condition": [],
                "effect": "Allow",
                "not_actions": [],
                "not_principals": [],
                "not_resources": [],
                "principals": [
                  {
                    "identifiers": [
                      "arn:aws:iam::440079093312:role/iam_for_lambda"
                    ],
                    "type": "AWS"
                  }
                ],
                "resources": [
                  "arn:aws:s3:::bucket1testgogogo123",
                  "arn:aws:s3:::bucket1testgogogo123/*"
                ],
                "sid": ""
              }
            ],
            "version": "2012-10-17"
          },
          "sensitive_attributes": []
        },
        {
          "index_key": "1",
          "schema_version": 0,
          "attributes": {
            "id": "2595277757",
            "json": "{\n  \"Version\": \"2012-10-17\",\n  \"Statement\": [\n    {\n      \"Sid\": \"\",\n      \"Effect\": \"Allow\",\n      \"Action\": [\n        \"s3:PutObjectAcl\",\n        \"s3:PutObject\",\n        \"s3:ListBucket\",\n        \"s3:GetObject\"\n      ],\n      \"Resource\": [\n        \"arn:aws:s3:::bucket2testgogogo123/*\",\n        \"arn:aws:s3:::bucket2testgogogo123\"\n      ],\n      \"Principal\": {\n        \"AWS\": \"arn:aws:iam::440079093312:role/iam_for_lambda\"\n      }\n    }\n  ]\n}",
            "override_json": null,
            "override_policy_documents": null,
            "policy_id": null,
            "source_json": null,
            "source_policy_documents": null,
            "statement": [
              {
                "actions": [
                  "s3:GetObject",
                  "s3:ListBucket",
                  "s3:PutObject",
                  "s3:PutObjectAcl"
                ],
                "condition": [],
                "effect": "Allow",
                "not_actions": [],
                "not_principals": [],
                "not_resources": [],
                "principals": [
                  {
                    "identifiers": [
                      "arn:aws:iam::440079093312:role/iam_for_lambda"
                    ],
                    "type": "AWS"
                  }
                ],
                "resources": [
                  "arn:aws:s3:::bucket2testgogogo123",
                  "arn:aws:s3:::bucket2testgogogo123/*"
                ],
                "sid": ""
              }
            ],
            "version": "2012-10-17"
          },
          "sensitive_attributes": []
        }
      ]
    },
    {
      "module": "module.create_bucket",
      "mode": "managed",
      "type": "aws_kms_key",
      "name": "mykey",
      "provider": "provider[\"registry.terraform.io/hashicorp/aws\"]",
      "instances": [
        {
          "schema_version": 0,
          "attributes": {
            "arn": "arn:aws:kms:us-west-2:440079093312:key/9f30f06c-6a60-470d-ac68-062572e5b7d9",
            "bypass_policy_lockout_safety_check": false,
            "customer_master_key_spec": "SYMMETRIC_DEFAULT",
            "deletion_window_in_days": 10,
            "description": "This key is used to encrypt bucket objects",
            "enable_key_rotation": false,
            "id": "9f30f06c-6a60-470d-ac68-062572e5b7d9",
            "is_enabled": true,
            "key_id": "9f30f06c-6a60-470d-ac68-062572e5b7d9",
            "key_usage": "ENCRYPT_DECRYPT",
            "multi_region": false,
            "policy": "{\"Id\":\"key-default-1\",\"Statement\":[{\"Action\":\"kms:*\",\"Effect\":\"Allow\",\"Principal\":{\"AWS\":\"arn:aws:iam::440079093312:root\"},\"Resource\":\"*\",\"Sid\":\"Enable IAM User Permissions\"}],\"Version\":\"2012-10-17\"}",
            "tags": null,
            "tags_all": {}
          },
          "sensitive_attributes": [],
          "private": "bnVsbA=="
        }
      ]
    },
    {
      "module": "module.create_bucket",
      "mode": "managed",
      "type": "aws_s3_bucket",
      "name": "bucket",
      "provider": "provider[\"registry.terraform.io/hashicorp/aws\"]",
      "instances": [
        {
          "index_key": "0",
          "schema_version": 0,
          "attributes": {
            "acceleration_status": "",
            "acl": "private",
            "arn": "arn:aws:s3:::bucket1testgogogo123",
            "bucket": "bucket1testgogogo123",
            "bucket_domain_name": "bucket1testgogogo123.s3.amazonaws.com",
            "bucket_prefix": null,
            "bucket_regional_domain_name": "bucket1testgogogo123.s3.us-west-2.amazonaws.com",
            "cors_rule": [],
            "force_destroy": false,
            "grant": [],
            "hosted_zone_id": "Z3BJ6K6RIION7M",
            "id": "bucket1testgogogo123",
            "lifecycle_rule": [],
            "logging": [],
            "object_lock_configuration": [],
            "policy": null,
            "region": "us-west-2",
            "replication_configuration": [],
            "request_payer": "BucketOwner",
            "server_side_encryption_configuration": [],
            "tags": null,
            "tags_all": {},
            "versioning": [
              {
                "enabled": false,
                "mfa_delete": false
              }
            ],
            "website": [],
            "website_domain": null,
            "website_endpoint": null
          },
          "sensitive_attributes": [],
          "private": "bnVsbA=="
        },
        {
          "index_key": "1",
          "schema_version": 0,
          "attributes": {
            "acceleration_status": "",
            "acl": "private",
            "arn": "arn:aws:s3:::bucket2testgogogo123",
            "bucket": "bucket2testgogogo123",
            "bucket_domain_name": "bucket2testgogogo123.s3.amazonaws.com",
            "bucket_prefix": null,
            "bucket_regional_domain_name": "bucket2testgogogo123.s3.us-west-2.amazonaws.com",
            "cors_rule": [],
            "force_destroy": false,
            "grant": [],
            "hosted_zone_id": "Z3BJ6K6RIION7M",
            "id": "bucket2testgogogo123",
            "lifecycle_rule": [],
            "logging": [],
            "object_lock_configuration": [],
            "policy": null,
            "region": "us-west-2",
            "replication_configuration": [],
            "request_payer": "BucketOwner",
            "server_side_encryption_configuration": [],
            "tags": null,
            "tags_all": {},
            "versioning": [
              {
                "enabled": false,
                "mfa_delete": false
              }
            ],
            "website": [],
            "website_domain": null,
            "website_endpoint": null
          },
          "sensitive_attributes": [],
          "private": "bnVsbA=="
        }
      ]
    },
    {
      "module": "module.create_bucket",
      "mode": "managed",
      "type": "aws_s3_bucket",
      "name": "bucket_encrypted",
      "provider": "provider[\"registry.terraform.io/hashicorp/aws\"]",
      "instances": [
        {
          "index_key": "2",
          "schema_version": 0,
          "attributes": {
            "acceleration_status": "",
            "acl": "private",
            "arn": "arn:aws:s3:::bucket3testgogogo123",
            "bucket": "bucket3testgogogo123",
            "bucket_domain_name": "bucket3testgogogo123.s3.amazonaws.com",
            "bucket_prefix": null,
            "bucket_regional_domain_name": "bucket3testgogogo123.s3.us-west-2.amazonaws.com",
            "cors_rule": [],
            "force_destroy": false,
            "grant": [],
            "hosted_zone_id": "Z3BJ6K6RIION7M",
            "id": "bucket3testgogogo123",
            "lifecycle_rule": [],
            "logging": [],
            "object_lock_configuration": [],
            "policy": null,
            "region": "us-west-2",
            "replication_configuration": [],
            "request_payer": "BucketOwner",
            "server_side_encryption_configuration": [
              {
                "rule": [
                  {
                    "apply_server_side_encryption_by_default": [
                      {
                        "kms_master_key_id": "arn:aws:kms:us-west-2:440079093312:key/9f30f06c-6a60-470d-ac68-062572e5b7d9",
                        "sse_algorithm": "aws:kms"
                      }
                    ],
                    "bucket_key_enabled": false
                  }
                ]
              }
            ],
            "tags": null,
            "tags_all": {},
            "versioning": [
              {
                "enabled": false,
                "mfa_delete": false
              }
            ],
            "website": [],
            "website_domain": null,
            "website_endpoint": null
          },
          "sensitive_attributes": [],
          "private": "bnVsbA==",
          "dependencies": [
            "module.create_bucket.aws_kms_key.mykey"
          ]
        }
      ]
    },
    {
      "module": "module.create_bucket",
      "mode": "managed",
      "type": "aws_s3_bucket_policy",
      "name": "allow_access_from_iam_lambda_encryption",
      "provider": "provider[\"registry.terraform.io/hashicorp/aws\"]",
      "instances": [
        {
          "index_key": "2",
          "schema_version": 0,
          "attributes": {
            "bucket": "bucket3testgogogo123",
            "id": "bucket3testgogogo123",
            "policy": "{\n  \"Version\": \"2012-10-17\",\n  \"Statement\": [\n    {\n      \"Sid\": \"\",\n      \"Effect\": \"Allow\",\n      \"Action\": [\n        \"s3:PutObjectAcl\",\n        \"s3:PutObject\",\n        \"s3:ListBucket\",\n        \"s3:GetObject\"\n      ],\n      \"Resource\": [\n        \"arn:aws:s3:::bucket3testgogogo123/*\",\n        \"arn:aws:s3:::bucket3testgogogo123\"\n      ],\n      \"Principal\": {\n        \"AWS\": \"arn:aws:iam::440079093312:role/iam_for_lambda\"\n      }\n    }\n  ]\n}"
          },
          "sensitive_attributes": [],
          "private": "bnVsbA==",
          "dependencies": [
            "module.create_bucket.aws_kms_key.mykey",
            "module.create_bucket.aws_s3_bucket.bucket_encrypted",
            "module.create_bucket.data.aws_iam_policy_document.allow_access_from_iam_lambda_encryption",
            "module.iam_for_lambda.aws_iam_role.iam_for_lambda"
          ]
        }
      ]
    },
    {
      "module": "module.create_bucket",
      "mode": "managed",
      "type": "aws_s3_bucket_policy",
      "name": "allow_access_from_iam_lambda_no_encryption",
      "provider": "provider[\"registry.terraform.io/hashicorp/aws\"]",
      "instances": [
        {
          "index_key": "0",
          "schema_version": 0,
          "attributes": {
            "bucket": "bucket1testgogogo123",
            "id": "bucket1testgogogo123",
            "policy": "{\n  \"Version\": \"2012-10-17\",\n  \"Statement\": [\n    {\n      \"Sid\": \"\",\n      \"Effect\": \"Allow\",\n      \"Action\": [\n        \"s3:PutObjectAcl\",\n        \"s3:PutObject\",\n        \"s3:ListBucket\",\n        \"s3:GetObject\"\n      ],\n      \"Resource\": [\n        \"arn:aws:s3:::bucket1testgogogo123/*\",\n        \"arn:aws:s3:::bucket1testgogogo123\"\n      ],\n      \"Principal\": {\n        \"AWS\": \"arn:aws:iam::440079093312:role/iam_for_lambda\"\n      }\n    }\n  ]\n}"
          },
          "sensitive_attributes": [],
          "private": "bnVsbA==",
          "dependencies": [
            "module.create_bucket.aws_s3_bucket.bucket",
            "module.create_bucket.data.aws_iam_policy_document.allow_access_from_iam_lambda_no_encryption",
            "module.iam_for_lambda.aws_iam_role.iam_for_lambda"
          ]
        },
        {
          "index_key": "1",
          "schema_version": 0,
          "attributes": {
            "bucket": "bucket2testgogogo123",
            "id": "bucket2testgogogo123",
            "policy": "{\n  \"Version\": \"2012-10-17\",\n  \"Statement\": [\n    {\n      \"Sid\": \"\",\n      \"Effect\": \"Allow\",\n      \"Action\": [\n        \"s3:PutObjectAcl\",\n        \"s3:PutObject\",\n        \"s3:ListBucket\",\n        \"s3:GetObject\"\n      ],\n      \"Resource\": [\n        \"arn:aws:s3:::bucket2testgogogo123/*\",\n        \"arn:aws:s3:::bucket2testgogogo123\"\n      ],\n      \"Principal\": {\n        \"AWS\": \"arn:aws:iam::440079093312:role/iam_for_lambda\"\n      }\n    }\n  ]\n}"
          },
          "sensitive_attributes": [],
          "private": "bnVsbA==",
          "dependencies": [
            "module.create_bucket.aws_s3_bucket.bucket",
            "module.create_bucket.data.aws_iam_policy_document.allow_access_from_iam_lambda_no_encryption",
            "module.iam_for_lambda.aws_iam_role.iam_for_lambda"
          ]
        }
      ]
    },
    {
      "module": "module.iam_for_lambda",
      "mode": "managed",
      "type": "aws_iam_policy",
      "name": "policy",
      "provider": "provider[\"registry.terraform.io/hashicorp/aws\"]",
      "instances": [
        {
          "schema_version": 0,
          "attributes": {
            "arn": "arn:aws:iam::440079093312:policy/bucket-access-lambda-policy",
            "description": "",
            "id": "arn:aws:iam::440079093312:policy/bucket-access-lambda-policy",
            "name": "bucket-access-lambda-policy",
            "name_prefix": null,
            "path": "/",
            "policy": "{\"Statement\":[{\"Action\":[\"s3:ListBucket\",\"s3:GetObject\",\"s3:PutObject\",\"s3:PutObjectAcl\",\"s3:ListAllMyBuckets\",\"kms:GenerateDataKey\"],\"Effect\":\"Allow\",\"Resource\":\"*\"}],\"Version\":\"2012-10-17\"}",
            "policy_id": "ANPAWM5WCBZABP552FXJB",
            "tags": null,
            "tags_all": {}
          },
          "sensitive_attributes": [],
          "private": "bnVsbA=="
        }
      ]
    },
    {
      "module": "module.iam_for_lambda",
      "mode": "managed",
      "type": "aws_iam_role",
      "name": "iam_for_lambda",
      "provider": "provider[\"registry.terraform.io/hashicorp/aws\"]",
      "instances": [
        {
          "schema_version": 0,
          "attributes": {
            "arn": "arn:aws:iam::440079093312:role/iam_for_lambda",
            "assume_role_policy": "{\"Version\":\"2012-10-17\",\"Statement\":[{\"Effect\":\"Allow\",\"Principal\":{\"Service\":\"lambda.amazonaws.com\"},\"Action\":\"sts:AssumeRole\"}]}",
            "create_date": "2021-12-30T10:35:37Z",
            "description": "",
            "force_detach_policies": false,
            "id": "iam_for_lambda",
            "inline_policy": [
              {
                "name": "",
                "policy": ""
              }
            ],
            "managed_policy_arns": [],
            "max_session_duration": 3600,
            "name": "iam_for_lambda",
            "name_prefix": "",
            "path": "/",
            "permissions_boundary": null,
            "tags": null,
            "tags_all": {},
            "unique_id": "AROAWM5WCBZAOJQCHHTXF"
          },
          "sensitive_attributes": [],
          "private": "bnVsbA=="
        }
      ]
    },
    {
      "module": "module.iam_for_lambda",
      "mode": "managed",
      "type": "aws_iam_role_policy_attachment",
      "name": "test-attach",
      "provider": "provider[\"registry.terraform.io/hashicorp/aws\"]",
      "instances": [
        {
          "schema_version": 0,
          "attributes": {
            "id": "iam_for_lambda-20211230103540077500000001",
            "policy_arn": "arn:aws:iam::440079093312:policy/bucket-access-lambda-policy",
            "role": "iam_for_lambda"
          },
          "sensitive_attributes": [],
          "private": "bnVsbA==",
          "dependencies": [
            "module.iam_for_lambda.aws_iam_policy.policy",
            "module.iam_for_lambda.aws_iam_role.iam_for_lambda"
          ]
        }
      ]
    },
    {
      "module": "module.lambda_for_bucket",
      "mode": "data",
      "type": "archive_file",
      "name": "zipit",
      "provider": "provider[\"registry.terraform.io/hashicorp/archive\"]",
      "instances": [
        {
          "schema_version": 0,
          "attributes": {
            "excludes": null,
            "id": "9b3b1b1d56261f4bf2c190547b4cf8fa5d0ee6f4",
            "output_base64sha256": "Rfg170MARGDbbwjcTZBjhHcs6Yave8u/z/ScFmLaPv8=",
            "output_file_mode": null,
            "output_md5": "68335d1d2e6e20ada06cc2b1434cfed6",
            "output_path": "modules/lambda_for_bucket/lambda_function.zip",
            "output_sha": "9b3b1b1d56261f4bf2c190547b4cf8fa5d0ee6f4",
            "output_size": 574,
            "source": [],
            "source_content": null,
            "source_content_filename": null,
            "source_dir": null,
            "source_file": "modules/lambda_for_bucket/lambda_function.py",
            "type": "zip"
          },
          "sensitive_attributes": []
        }
      ]
    },
    {
      "module": "module.lambda_for_bucket",
      "mode": "data",
      "type": "aws_iam_policy_document",
      "name": "allow_access_from_iam_account",
      "provider": "provider[\"registry.terraform.io/hashicorp/aws\"]",
      "instances": [
        {
          "schema_version": 0,
          "attributes": {
            "id": "2742816741",
            "json": "{\n  \"Version\": \"2012-10-17\",\n  \"Statement\": [\n    {\n      \"Sid\": \"\",\n      \"Effect\": \"Allow\",\n      \"Action\": [\n        \"s3:PutObjectAcl\",\n        \"s3:PutObject\",\n        \"s3:ListBucket\",\n        \"s3:GetObject\"\n      ],\n      \"Resource\": [\n        \"arn:aws:s3:::welcomebuckettestgogoapp/*\",\n        \"arn:aws:s3:::welcomebuckettestgogoapp\"\n      ],\n      \"Principal\": {\n        \"AWS\": \"arn:aws:iam::440079093312:role/iam_for_lambda\"\n      }\n    }\n  ]\n}",
            "override_json": null,
            "override_policy_documents": null,
            "policy_id": null,
            "source_json": null,
            "source_policy_documents": null,
            "statement": [
              {
                "actions": [
                  "s3:GetObject",
                  "s3:ListBucket",
                  "s3:PutObject",
                  "s3:PutObjectAcl"
                ],
                "condition": [],
                "effect": "Allow",
                "not_actions": [],
                "not_principals": [],
                "not_resources": [],
                "principals": [
                  {
                    "identifiers": [
                      "arn:aws:iam::440079093312:role/iam_for_lambda"
                    ],
                    "type": "AWS"
                  }
                ],
                "resources": [
                  "arn:aws:s3:::welcomebuckettestgogoapp",
                  "arn:aws:s3:::welcomebuckettestgogoapp/*"
                ],
                "sid": ""
              }
            ],
            "version": "2012-10-17"
          },
          "sensitive_attributes": []
        }
      ]
    },
    {
      "module": "module.lambda_for_bucket",
      "mode": "managed",
      "type": "aws_lambda_function",
      "name": "func",
      "provider": "provider[\"registry.terraform.io/hashicorp/aws\"]",
      "instances": [
        {
          "schema_version": 0,
          "attributes": {
            "architectures": [
              "x86_64"
            ],
            "arn": "arn:aws:lambda:us-west-2:440079093312:function:lambda_function",
            "code_signing_config_arn": "",
            "dead_letter_config": [],
            "description": "",
            "environment": [],
            "file_system_config": [],
            "filename": "modules/lambda_for_bucket/lambda_function.zip",
            "function_name": "lambda_function",
            "handler": "lambda_function.lambda_handler",
            "id": "lambda_function",
            "image_config": [],
            "image_uri": "",
            "invoke_arn": "arn:aws:apigateway:us-west-2:lambda:path/2015-03-31/functions/arn:aws:lambda:us-west-2:440079093312:function:lambda_function/invocations",
            "kms_key_arn": "",
            "last_modified": "2021-12-30T10:35:46.492+0000",
            "layers": null,
            "memory_size": 128,
            "package_type": "Zip",
            "publish": false,
            "qualified_arn": "arn:aws:lambda:us-west-2:440079093312:function:lambda_function:$LATEST",
            "reserved_concurrent_executions": -1,
            "role": "arn:aws:iam::440079093312:role/iam_for_lambda",
            "runtime": "python3.8",
            "s3_bucket": null,
            "s3_key": null,
            "s3_object_version": null,
            "signing_job_arn": "",
            "signing_profile_version_arn": "",
            "source_code_hash": "Rfg170MARGDbbwjcTZBjhHcs6Yave8u/z/ScFmLaPv8=",
            "source_code_size": 574,
            "tags": null,
            "tags_all": {},
            "timeout": 3,
            "timeouts": null,
            "tracing_config": [
              {
                "mode": "PassThrough"
              }
            ],
            "version": "$LATEST",
            "vpc_config": []
          },
          "sensitive_attributes": [],
          "private": "eyJlMmJmYjczMC1lY2FhLTExZTYtOGY4OC0zNDM2M2JjN2M0YzAiOnsiY3JlYXRlIjo2MDAwMDAwMDAwMDB9fQ==",
          "dependencies": [
            "module.iam_for_lambda.aws_iam_role.iam_for_lambda",
            "module.lambda_for_bucket.data.archive_file.zipit"
          ]
        }
      ]
    },
    {
      "module": "module.lambda_for_bucket",
      "mode": "managed",
      "type": "aws_lambda_permission",
      "name": "allow_bucket",
      "provider": "provider[\"registry.terraform.io/hashicorp/aws\"]",
      "instances": [
        {
          "schema_version": 0,
          "attributes": {
            "action": "lambda:InvokeFunction",
            "event_source_token": null,
            "function_name": "arn:aws:lambda:us-west-2:440079093312:function:lambda_function",
            "id": "AllowExecutionFromS3Bucket",
            "principal": "s3.amazonaws.com",
            "qualifier": "",
            "source_account": null,
            "source_arn": "arn:aws:s3:::welcomebuckettestgogoapp",
            "statement_id": "AllowExecutionFromS3Bucket",
            "statement_id_prefix": null
          },
          "sensitive_attributes": [],
          "private": "bnVsbA==",
          "dependencies": [
            "module.iam_for_lambda.aws_iam_role.iam_for_lambda",
            "module.lambda_for_bucket.aws_lambda_function.func",
            "module.lambda_for_bucket.aws_s3_bucket.bucket",
            "module.lambda_for_bucket.data.archive_file.zipit"
          ]
        }
      ]
    },
    {
      "module": "module.lambda_for_bucket",
      "mode": "managed",
      "type": "aws_s3_bucket",
      "name": "bucket",
      "provider": "provider[\"registry.terraform.io/hashicorp/aws\"]",
      "instances": [
        {
          "schema_version": 0,
          "attributes": {
            "acceleration_status": "",
            "acl": "private",
            "arn": "arn:aws:s3:::welcomebuckettestgogoapp",
            "bucket": "welcomebuckettestgogoapp",
            "bucket_domain_name": "welcomebuckettestgogoapp.s3.amazonaws.com",
            "bucket_prefix": null,
            "bucket_regional_domain_name": "welcomebuckettestgogoapp.s3.us-west-2.amazonaws.com",
            "cors_rule": [],
            "force_destroy": false,
            "grant": [],
            "hosted_zone_id": "Z3BJ6K6RIION7M",
            "id": "welcomebuckettestgogoapp",
            "lifecycle_rule": [],
            "logging": [],
            "object_lock_configuration": [],
            "policy": null,
            "region": "us-west-2",
            "replication_configuration": [],
            "request_payer": "BucketOwner",
            "server_side_encryption_configuration": [],
            "tags": null,
            "tags_all": {},
            "versioning": [
              {
                "enabled": false,
                "mfa_delete": false
              }
            ],
            "website": [],
            "website_domain": null,
            "website_endpoint": null
          },
          "sensitive_attributes": [],
          "private": "bnVsbA=="
        }
      ]
    },
    {
      "module": "module.lambda_for_bucket",
      "mode": "managed",
      "type": "aws_s3_bucket_notification",
      "name": "bucket_notification",
      "provider": "provider[\"registry.terraform.io/hashicorp/aws\"]",
      "instances": [
        {
          "schema_version": 0,
          "attributes": {
            "bucket": "welcomebuckettestgogoapp",
            "id": "welcomebuckettestgogoapp",
            "lambda_function": [
              {
                "events": [
                  "s3:ObjectCreated:Put"
                ],
                "filter_prefix": "",
                "filter_suffix": "",
                "id": "tf-s3-lambda-20211230103556623500000002",
                "lambda_function_arn": "arn:aws:lambda:us-west-2:440079093312:function:lambda_function"
              }
            ],
            "queue": [],
            "topic": []
          },
          "sensitive_attributes": [],
          "private": "bnVsbA==",
          "dependencies": [
            "module.iam_for_lambda.aws_iam_role.iam_for_lambda",
            "module.lambda_for_bucket.aws_lambda_function.func",
            "module.lambda_for_bucket.aws_lambda_permission.allow_bucket",
            "module.lambda_for_bucket.aws_s3_bucket.bucket",
            "module.lambda_for_bucket.data.archive_file.zipit"
          ]
        }
      ]
    },
    {
      "module": "module.lambda_for_bucket",
      "mode": "managed",
      "type": "aws_s3_bucket_policy",
      "name": "allow_access_from_iam_account",
      "provider": "provider[\"registry.terraform.io/hashicorp/aws\"]",
      "instances": [
        {
          "schema_version": 0,
          "attributes": {
            "bucket": "welcomebuckettestgogoapp",
            "id": "welcomebuckettestgogoapp",
            "policy": "{\n  \"Version\": \"2012-10-17\",\n  \"Statement\": [\n    {\n      \"Sid\": \"\",\n      \"Effect\": \"Allow\",\n      \"Action\": [\n        \"s3:PutObjectAcl\",\n        \"s3:PutObject\",\n        \"s3:ListBucket\",\n        \"s3:GetObject\"\n      ],\n      \"Resource\": [\n        \"arn:aws:s3:::welcomebuckettestgogoapp/*\",\n        \"arn:aws:s3:::welcomebuckettestgogoapp\"\n      ],\n      \"Principal\": {\n        \"AWS\": \"arn:aws:iam::440079093312:role/iam_for_lambda\"\n      }\n    }\n  ]\n}"
          },
          "sensitive_attributes": [],
          "private": "bnVsbA==",
          "dependencies": [
            "module.iam_for_lambda.aws_iam_role.iam_for_lambda",
            "module.lambda_for_bucket.aws_s3_bucket.bucket",
            "module.lambda_for_bucket.data.aws_iam_policy_document.allow_access_from_iam_account"
          ]
        }
      ]
    }
  ]
}
